
Microsoft Visual Studio Solution File, Format Version 12.00
# Visual Studio 15
VisualStudioVersion = 15.0.28307.902
MinimumVisualStudioVersion = 10.0.40219.1
Project("{FAE04EC0-301F-11D3-BF4B-00C04F79EFBC}") = "PvZBackupManager", "PvZBackupManager\PvZBackupManager.csproj", "{7023BD6A-5614-45F3-B99C-AAFCB833AF92}"
EndProject
Global
	GlobalSection(SolutionConfigurationPlatforms) = preSolution
		Debug|Any CPU = Debug|Any CPU
		Release|Any CPU = Release|Any CPU
	EndGlobalSection
	GlobalSection(ProjectConfigurationPlatforms) = postSolution
		{7023BD6A-5614-45F3-B99C-AAFCB833AF92}.Debug|Any CPU.ActiveCfg = Debug|Any CPU
		{7023BD6A-5614-45F3-B99C-AAFCB833AF92}.Debug|Any CPU.Build.0 = Debug|Any CPU
		{7023BD6A-5614-45F3-B99C-AAFCB833AF92}.Release|Any CPU.ActiveCfg = Release|Any CPU
		{7023BD6A-5614-45F3-B99C-AAFCB833AF92}.Release|Any CPU.Build.0 = Release|Any CPU
	EndGlobalSection
	GlobalSection(SolutionProperties) = preSolution
		HideSolutionNode = FALSE
	EndGlobalSection
	GlobalSection(ExtensibilityGlobals) = postSolution
		SolutionGuid = {CE930483-8FDD-4447-9B1E-EA2A4015BECA}
	EndGlobalSection
EndGlobal
